
Microsoft Visual Studio Solution File, Format Version 12.00
# Visual Studio 15
VisualStudioVersion = 15.0.28010.2041
MinimumVisualStudioVersion = 10.0.40219.1
Project("{9A19103F-16F7-4668-BE54-9A1E7A4F7556}") = "EventHubsForKafkaSample", "EventHubsForKafkaSample.csproj", "{762E1188-E03F-4A74-A301-2BBB2F0C0DC2}"
EndProject
Global
	GlobalSection(SolutionConfigurationPlatforms) = preSolution
		Debug|Any CPU = Debug|Any CPU
		Release|Any CPU = Release|Any CPU
	EndGlobalSection
	GlobalSection(ProjectConfigurationPlatforms) = postSolution
		{762E1188-E03F-4A74-A301-2BBB2F0C0DC2}.Debug|Any CPU.ActiveCfg = Debug|Any CPU
		{762E1188-E03F-4A74-A301-2BBB2F0C0DC2}.Debug|Any CPU.Build.0 = Debug|Any CPU
		{762E1188-E03F-4A74-A301-2BBB2F0C0DC2}.Release|Any CPU.ActiveCfg = Release|Any CPU
		{762E1188-E03F-4A74-A301-2BBB2F0C0DC2}.Release|Any CPU.Build.0 = Release|Any CPU
	EndGlobalSection
	GlobalSection(SolutionProperties) = preSolution
		HideSolutionNode = FALSE
	EndGlobalSection
	GlobalSection(ExtensibilityGlobals) = postSolution
		SolutionGuid = {1986D878-7C3F-4FBF-9BF9-10C871EA74A0}
	EndGlobalSection
EndGlobal
