
Microsoft Visual Studio Solution File, Format Version 12.00
# Visual Studio 15
VisualStudioVersion = 15.0.28010.2048
MinimumVisualStudioVersion = 10.0.40219.1
Project("{E6C563F2-BDC2-4A24-ACBF-01715157DCBB}") = "ASASendToCosmos", "ASASendToCosmos\ASASendToCosmos.asaproj", "{D2290E39-CA3A-48BD-8404-F673C9C7847E}"
EndProject
Global
	GlobalSection(SolutionConfigurationPlatforms) = preSolution
		Debug|Any CPU = Debug|Any CPU
		Release|Any CPU = Release|Any CPU
	EndGlobalSection
	GlobalSection(ProjectConfigurationPlatforms) = postSolution
		{D2290E39-CA3A-48BD-8404-F673C9C7847E}.Debug|Any CPU.ActiveCfg = Debug|Any CPU
		{D2290E39-CA3A-48BD-8404-F673C9C7847E}.Debug|Any CPU.Build.0 = Debug|Any CPU
		{D2290E39-CA3A-48BD-8404-F673C9C7847E}.Release|Any CPU.ActiveCfg = Release|Any CPU
		{D2290E39-CA3A-48BD-8404-F673C9C7847E}.Release|Any CPU.Build.0 = Release|Any CPU
	EndGlobalSection
	GlobalSection(SolutionProperties) = preSolution
		HideSolutionNode = FALSE
	EndGlobalSection
	GlobalSection(ExtensibilityGlobals) = postSolution
		SolutionGuid = {3324B2D1-9517-42F9-8A97-2F4E88CA59C3}
	EndGlobalSection
EndGlobal
